<?xml version="1.0" encoding="utf-8"?>
<Project ToolsVersion="4.0" xmlns="http://schemas.microsoft.com/developer/msbuild/2003">
  <ItemGroup>
    <Filter Include="Source Files">
      <UniqueIdentifier>{4FC737F1-C7A5-4376-A066-2A32D752A2FF}</UniqueIdentifier>
      <Extensions>cpp;c;cc;cxx;c++;cppm;ixx;def;odl;idl;hpj;bat;asm;asmx</Extensions>
    </Filter>
    <Filter Include="Resource Files">
      <UniqueIdentifier>{67DA6AB6-F800-4c08-8B7A-83BB121AAD01}</UniqueIdentifier>
      <Extensions>rc;ico;cur;bmp;dlg;rc2;rct;bin;rgs;gif;jpg;jpeg;jpe;resx;tiff;tif;png;wav;mfcribbon-ms</Extensions>
    </Filter>
    <Filter Include="Source Files\Time">
      <UniqueIdentifier>{9c956b3f-50a5-4aff-ac03-2fd9ab901e56}</UniqueIdentifier>
    </Filter>
    <Filter Include="Source Files\Logging">
      <UniqueIdentifier>{5b0e35ff-5c51-42a6-bd9b-0e4a520694d6}</UniqueIdentifier>
    </Filter>
    <Filter Include="Source Files\windows">
      <UniqueIdentifier>{c6bf0a3f-a063-40e6-a828-c7784b5a5577}</UniqueIdentifier>
    </Filter>
    <Filter Include="Source Files\Command">
      <UniqueIdentifier>{9d463d77-03cb-402f-89c0-c2b479745edd}</UniqueIdentifier>
    </Filter>
    <Filter Include="Source Files\io">
      <UniqueIdentifier>{1d93d82f-61a0-4a74-b570-ab40adfd89de}</UniqueIdentifier>
    </Filter>
    <Filter Include="Source Files\input">
      <UniqueIdentifier>{c432ae91-7227-4a87-919e-9913345f1404}</UniqueIdentifier>
    </Filter>
    <Filter Include="Source Files\renderer">
      <UniqueIdentifier>{d20c5b1e-d969-47aa-bdfd-714b3dd77bdf}</UniqueIdentifier>
    </Filter>
    <Filter Include="Source Files\camera">
      <UniqueIdentifier>{fb0c0902-0bc8-4194-af2e-471a3e897eed}</UniqueIdentifier>
    </Filter>
    <Filter Include="Source Files\windows\WindowsMessages">
      <UniqueIdentifier>{b7faf9c7-9f08-455e-bbfe-56843bc419a8}</UniqueIdentifier>
    </Filter>
  </ItemGroup>
  <ItemGroup>
    <ClCompile Include="source\main.cpp">
      <Filter>Source Files</Filter>
    </ClCompile>
    <ClCompile Include="source\some.thing.ixx">
      <Filter>Source Files</Filter>
    </ClCompile>
    <ClCompile Include="source\mt\ObjectPool.ixx">
      <Filter>Source Files</Filter>
    </ClCompile>
    <ClCompile Include="source\mt\time\Alarm.ixx">
      <Filter>Source Files\Time</Filter>
    </ClCompile>
    <ClCompile Include="source\mt\time\AlarmManager.ixx">
      <Filter>Source Files\Time</Filter>
    </ClCompile>
    <ClCompile Include="source\mt\time\Chronometer.ixx">
      <Filter>Source Files\Time</Filter>
    </ClCompile>
    <ClCompile Include="source\mt\time\Time.ixx">
      <Filter>Source Files\Time</Filter>
    </ClCompile>
    <ClCompile Include="source\mt\time\TimeManager.ixx">
      <Filter>Source Files\Time</Filter>
    </ClCompile>
    <ClCompile Include="source\mt\time\Timer.ixx">
      <Filter>Source Files\Time</Filter>
    </ClCompile>
    <ClCompile Include="source\mt\logging\Log.ixx">
      <Filter>Source Files\Logging</Filter>
    </ClCompile>
    <ClCompile Include="source\mt\logging\LogManager.ixx">
      <Filter>Source Files\Logging</Filter>
    </ClCompile>
    <ClCompile Include="source\mt\time\Chronometer.cpp">
      <Filter>Source Files\Time</Filter>
    </ClCompile>
    <ClCompile Include="source\mt\windows\WindowsMessage.ixx">
      <Filter>Source Files\windows</Filter>
    </ClCompile>
    <ClCompile Include="source\mt\Status.ixx">
      <Filter>Source Files</Filter>
    </ClCompile>
    <ClCompile Include="source\mt\command\Command.ixx">
      <Filter>Source Files\Command</Filter>
    </ClCompile>
    <ClCompile Include="source\mt\command\CommandManager.ixx">
      <Filter>Source Files\Command</Filter>
    </ClCompile>
    <ClCompile Include="source\mt\windows\WindowsMessageManager.ixx">
      <Filter>Source Files\windows</Filter>
    </ClCompile>
    <ClCompile Include="source\mt\input\InputMessage.cpp">
      <Filter>Source Files\input</Filter>
    </ClCompile>
    <ClCompile Include="source\mt\input\InputMessage.ixx">
      <Filter>Source Files\input</Filter>
    </ClCompile>
    <ClCompile Include="source\mt\renderer\DirectXRenderer.cpp">
      <Filter>Source Files\renderer</Filter>
    </ClCompile>
    <ClCompile Include="source\mt\Engine.ixx">
      <Filter>Source Files</Filter>
    </ClCompile>
    <ClCompile Include="source\mt\input\IM_KeyDown.ixx">
      <Filter>Source Files\input</Filter>
    </ClCompile>
    <ClCompile Include="source\mt\input\IM_KeyUp.ixx">
      <Filter>Source Files\input</Filter>
    </ClCompile>
    <ClCompile Include="source\mt\input\IM_MouseDown.ixx">
      <Filter>Source Files\input</Filter>
    </ClCompile>
    <ClCompile Include="source\mt\input\IM_MouseMove.ixx">
      <Filter>Source Files\input</Filter>
    </ClCompile>
    <ClCompile Include="source\mt\input\IM_MouseUp.ixx">
      <Filter>Source Files\input</Filter>
    </ClCompile>
    <ClCompile Include="source\mt\MathHelper.ixx">
      <Filter>Source Files</Filter>
    </ClCompile>
    <ClCompile Include="source\mt\camera\Camera.ixx">
      <Filter>Source Files\camera</Filter>
    </ClCompile>
    <ClCompile Include="source\mt\renderer\DirectXRenderer.ixx">
      <Filter>Source Files\renderer</Filter>
    </ClCompile>
    <ClCompile Include="source\mt\input\InputManager.cpp">
      <Filter>Source Files\input</Filter>
    </ClCompile>
    <ClCompile Include="source\mt\input\InputManager.ixx">
      <Filter>Source Files\input</Filter>
    </ClCompile>
    <ClCompile Include="source\mt\renderer\DirectXUtility.ixx">
      <Filter>Source Files\renderer</Filter>
    </ClCompile>
    <ClCompile Include="Engine.cpp">
      <Filter>Source Files</Filter>
    </ClCompile>
    <ClCompile Include="source\mt\windows\WM_Activate.cpp">
      <Filter>Source Files\windows\WindowsMessages</Filter>
    </ClCompile>
    <ClCompile Include="source\mt\windows\WM_Activate.ixx">
      <Filter>Source Files\windows\WindowsMessages</Filter>
    </ClCompile>
    <ClCompile Include="source\mt\windows\WM_Close.cpp">
      <Filter>Source Files\windows\WindowsMessages</Filter>
    </ClCompile>
    <ClCompile Include="source\mt\windows\WM_Close.ixx">
      <Filter>Source Files\windows\WindowsMessages</Filter>
    </ClCompile>
    <ClCompile Include="source\mt\windows\WM_Destroy.cpp">
      <Filter>Source Files\windows\WindowsMessages</Filter>
    </ClCompile>
    <ClCompile Include="source\mt\windows\WM_Destroy.ixx">
      <Filter>Source Files\windows\WindowsMessages</Filter>
    </ClCompile>
    <ClCompile Include="source\mt\windows\WM_EnterSizeMove.cpp">
      <Filter>Source Files\windows\WindowsMessages</Filter>
    </ClCompile>
    <ClCompile Include="source\mt\windows\WM_EnterSizeMove.ixx">
      <Filter>Source Files\windows\WindowsMessages</Filter>
    </ClCompile>
    <ClCompile Include="source\mt\windows\WM_EraseBackground.cpp">
      <Filter>Source Files\windows\WindowsMessages</Filter>
    </ClCompile>
    <ClCompile Include="source\mt\windows\WM_EraseBackground.ixx">
      <Filter>Source Files\windows\WindowsMessages</Filter>
    </ClCompile>
    <ClCompile Include="source\mt\windows\WM_ExitSizeMove.cpp">
      <Filter>Source Files\windows\WindowsMessages</Filter>
    </ClCompile>
    <ClCompile Include="source\mt\windows\WM_ExitSizeMove.ixx">
      <Filter>Source Files\windows\WindowsMessages</Filter>
    </ClCompile>
    <ClCompile Include="source\mt\windows\WM_GetIcon.cpp">
      <Filter>Source Files\windows\WindowsMessages</Filter>
    </ClCompile>
    <ClCompile Include="source\mt\windows\WM_GetIcon.ixx">
      <Filter>Source Files\windows\WindowsMessages</Filter>
    </ClCompile>
    <ClCompile Include="source\mt\windows\WM_GetMinMaxInfo.cpp">
      <Filter>Source Files\windows\WindowsMessages</Filter>
    </ClCompile>
    <ClCompile Include="source\mt\windows\WM_GetMinMaxInfo.ixx">
      <Filter>Source Files\windows\WindowsMessages</Filter>
    </ClCompile>
    <ClCompile Include="source\mt\windows\WM_Input.cpp">
      <Filter>Source Files\windows\WindowsMessages</Filter>
    </ClCompile>
    <ClCompile Include="source\mt\windows\WM_Input.ixx">
      <Filter>Source Files\windows\WindowsMessages</Filter>
    </ClCompile>
    <ClCompile Include="source\mt\windows\WM_KeyUp.cpp">
      <Filter>Source Files\windows\WindowsMessages</Filter>
    </ClCompile>
    <ClCompile Include="source\mt\windows\WM_KeyUp.ixx">
      <Filter>Source Files\windows\WindowsMessages</Filter>
    </ClCompile>
    <ClCompile Include="source\mt\windows\WM_LeftMouseButtonDown.cpp">
      <Filter>Source Files\windows\WindowsMessages</Filter>
    </ClCompile>
    <ClCompile Include="source\mt\windows\WM_LeftMouseButtonDown.ixx">
      <Filter>Source Files\windows\WindowsMessages</Filter>
    </ClCompile>
    <ClCompile Include="source\mt\windows\WM_LeftMouseButtonUp.cpp">
      <Filter>Source Files\windows\WindowsMessages</Filter>
    </ClCompile>
    <ClCompile Include="source\mt\windows\WM_LeftMouseButtonUp.ixx">
      <Filter>Source Files\windows\WindowsMessages</Filter>
    </ClCompile>
    <ClCompile Include="source\mt\windows\WM_MenuChar.cpp">
      <Filter>Source Files\windows\WindowsMessages</Filter>
    </ClCompile>
    <ClCompile Include="source\mt\windows\WM_MenuChar.ixx">
      <Filter>Source Files\windows\WindowsMessages</Filter>
    </ClCompile>
    <ClCompile Include="source\mt\windows\WM_MiddleMouseButtonDown.cpp">
      <Filter>Source Files\windows\WindowsMessages</Filter>
    </ClCompile>
    <ClCompile Include="source\mt\windows\WM_MiddleMouseButtonDown.ixx">
      <Filter>Source Files\windows\WindowsMessages</Filter>
    </ClCompile>
    <ClCompile Include="source\mt\windows\WM_MiddleMouseButtonUp.cpp">
      <Filter>Source Files\windows\WindowsMessages</Filter>
    </ClCompile>
    <ClCompile Include="source\mt\windows\WM_MiddleMouseButtonUp.ixx">
      <Filter>Source Files\windows\WindowsMessages</Filter>
    </ClCompile>
    <ClCompile Include="source\mt\windows\WM_MouseMove.cpp">
      <Filter>Source Files\windows\WindowsMessages</Filter>
    </ClCompile>
    <ClCompile Include="source\mt\windows\WM_MouseMove.ixx">
      <Filter>Source Files\windows\WindowsMessages</Filter>
    </ClCompile>
    <ClCompile Include="source\mt\windows\WM_Move.cpp">
      <Filter>Source Files\windows\WindowsMessages</Filter>
    </ClCompile>
    <ClCompile Include="source\mt\windows\WM_Move.ixx">
      <Filter>Source Files\windows\WindowsMessages</Filter>
    </ClCompile>
    <ClCompile Include="source\mt\windows\WM_Moving.cpp">
      <Filter>Source Files\windows\WindowsMessages</Filter>
    </ClCompile>
    <ClCompile Include="source\mt\windows\WM_Moving.ixx">
      <Filter>Source Files\windows\WindowsMessages</Filter>
    </ClCompile>
    <ClCompile Include="source\mt\windows\WM_NonClientCalcSize.cpp">
      <Filter>Source Files\windows\WindowsMessages</Filter>
    </ClCompile>
    <ClCompile Include="source\mt\windows\WM_NonClientCalcSize.ixx">
      <Filter>Source Files\windows\WindowsMessages</Filter>
    </ClCompile>
    <ClCompile Include="source\mt\windows\WM_NonClientMouseLeave.cpp">
      <Filter>Source Files\windows\WindowsMessages</Filter>
    </ClCompile>
    <ClCompile Include="source\mt\windows\WM_NonClientMouseLeave.ixx">
      <Filter>Source Files\windows\WindowsMessages</Filter>
    </ClCompile>
    <ClCompile Include="source\mt\windows\WM_NonClientPaint.cpp">
      <Filter>Source Files\windows\WindowsMessages</Filter>
    </ClCompile>
    <ClCompile Include="source\mt\windows\WM_NonClientPaint.ixx">
      <Filter>Source Files\windows\WindowsMessages</Filter>
    </ClCompile>
    <ClCompile Include="source\mt\windows\WM_Paint.cpp">
      <Filter>Source Files\windows\WindowsMessages</Filter>
    </ClCompile>
    <ClCompile Include="source\mt\windows\WM_Paint.ixx">
      <Filter>Source Files\windows\WindowsMessages</Filter>
    </ClCompile>
    <ClCompile Include="source\mt\windows\WM_Quit.cpp">
      <Filter>Source Files\windows\WindowsMessages</Filter>
    </ClCompile>
    <ClCompile Include="source\mt\windows\WM_Quit.ixx">
      <Filter>Source Files\windows\WindowsMessages</Filter>
    </ClCompile>
    <ClCompile Include="source\mt\windows\WM_RightMouseButtonDown.cpp">
      <Filter>Source Files\windows\WindowsMessages</Filter>
    </ClCompile>
    <ClCompile Include="source\mt\windows\WM_RightMouseButtonDown.ixx">
      <Filter>Source Files\windows\WindowsMessages</Filter>
    </ClCompile>
    <ClCompile Include="source\mt\windows\WM_RightMouseButtonUp.cpp">
      <Filter>Source Files\windows\WindowsMessages</Filter>
    </ClCompile>
    <ClCompile Include="source\mt\windows\WM_RightMouseButtonUp.ixx">
      <Filter>Source Files\windows\WindowsMessages</Filter>
    </ClCompile>
    <ClCompile Include="source\mt\windows\WM_SetText.cpp">
      <Filter>Source Files\windows\WindowsMessages</Filter>
    </ClCompile>
    <ClCompile Include="source\mt\windows\WM_SetText.ixx">
      <Filter>Source Files\windows\WindowsMessages</Filter>
    </ClCompile>
    <ClCompile Include="source\mt\windows\WM_Size.cpp">
      <Filter>Source Files\windows\WindowsMessages</Filter>
    </ClCompile>
    <ClCompile Include="source\mt\windows\WM_Size.ixx">
      <Filter>Source Files\windows\WindowsMessages</Filter>
    </ClCompile>
    <ClCompile Include="source\mt\windows\WM_Sizing.cpp">
      <Filter>Source Files\windows\WindowsMessages</Filter>
    </ClCompile>
    <ClCompile Include="source\mt\windows\WM_Sizing.ixx">
      <Filter>Source Files\windows\WindowsMessages</Filter>
    </ClCompile>
    <ClCompile Include="source\mt\windows\WM_Timer.cpp">
      <Filter>Source Files\windows\WindowsMessages</Filter>
    </ClCompile>
    <ClCompile Include="source\mt\windows\WM_Timer.ixx">
      <Filter>Source Files\windows\WindowsMessages</Filter>
    </ClCompile>
    <ClCompile Include="source\mt\windows\WM_WindowPositionChanging.cpp">
      <Filter>Source Files\windows\WindowsMessages</Filter>
    </ClCompile>
    <ClCompile Include="source\mt\windows\WM_CaptureChanged.cpp">
      <Filter>Source Files\windows\WindowsMessages</Filter>
    </ClCompile>
    <ClCompile Include="source\mt\windows\WM_CaptureChanged.ixx">
      <Filter>Source Files\windows\WindowsMessages</Filter>
    </ClCompile>
    <ClCompile Include="source\mt\windows\WindowsMessageManager.cpp">
      <Filter>Source Files\windows</Filter>
    </ClCompile>
    <ClCompile Include="source\mt\windows\WM_WindowPositionChanging.ixx">
      <Filter>Source Files\windows\WindowsMessages</Filter>
    </ClCompile>
  </ItemGroup>
  <ItemGroup>
    <ClInclude Include="source\mt\renderer\d3dx12.h">
      <Filter>Source Files\renderer</Filter>
    </ClInclude>
  </ItemGroup>
</Project>