<?xml version="1.0" encoding="utf-8"?>
<Project ToolsVersion="4.0" xmlns="http://schemas.microsoft.com/developer/msbuild/2003">
  <ItemGroup>
    <ClCompile Include="source\Game\EngineDemo.ixx">
      <Filter>source\Game</Filter>
    </ClCompile>
    <ClCompile Include="source\Engine\command\Command.cpp">
      <Filter>source\Engine\Command</Filter>
    </ClCompile>
    <ClCompile Include="source\Engine\command\Command.ixx">
      <Filter>source\Engine\Command</Filter>
    </ClCompile>
    <ClCompile Include="source\Engine\command\CommandManager.ixx">
      <Filter>source\Engine\Command</Filter>
    </ClCompile>
    <ClCompile Include="source\Engine\input\InputManager.cpp">
      <Filter>source\Engine\Input</Filter>
    </ClCompile>
    <ClCompile Include="source\Engine\input\InputManager.ixx">
      <Filter>source\Engine\Input</Filter>
    </ClCompile>
    <ClCompile Include="source\Engine\logging\Log.ixx">
      <Filter>source\Engine\Logging</Filter>
    </ClCompile>
    <ClCompile Include="source\Engine\logging\LogManager.ixx">
      <Filter>source\Engine\Logging</Filter>
    </ClCompile>
    <ClCompile Include="source\Engine\renderer\Camera.ixx">
      <Filter>source\Engine\Renderer</Filter>
    </ClCompile>
    <ClCompile Include="source\Engine\renderer\DirectXRenderer.cpp">
      <Filter>source\Engine\Renderer</Filter>
    </ClCompile>
    <ClCompile Include="source\Engine\renderer\DirectXRenderer.ixx">
      <Filter>source\Engine\Renderer</Filter>
    </ClCompile>
    <ClCompile Include="source\Engine\renderer\DirectXUtility.ixx">
      <Filter>source\Engine\Renderer</Filter>
    </ClCompile>
    <ClCompile Include="source\Engine\renderer\UploadBuffer.ixx">
      <Filter>source\Engine\Renderer</Filter>
    </ClCompile>
    <ClCompile Include="source\Engine\time\Alarm.ixx">
      <Filter>source\Engine\Time</Filter>
    </ClCompile>
    <ClCompile Include="source\Engine\time\AlarmManager.ixx">
      <Filter>source\Engine\Time</Filter>
    </ClCompile>
    <ClCompile Include="source\Engine\time\Time.ixx">
      <Filter>source\Engine\Time</Filter>
    </ClCompile>
    <ClCompile Include="source\Engine\time\TimeManager.ixx">
      <Filter>source\Engine\Time</Filter>
    </ClCompile>
    <ClCompile Include="source\Engine\time\Timer.ixx">
      <Filter>source\Engine\Time</Filter>
    </ClCompile>
    <ClCompile Include="source\Engine\windows\messages\WM_Activate.cpp">
      <Filter>source\Engine\Windows\Windows Messages</Filter>
    </ClCompile>
    <ClCompile Include="source\Engine\windows\messages\WM_Activate.ixx">
      <Filter>source\Engine\Windows\Windows Messages</Filter>
    </ClCompile>
    <ClCompile Include="source\Engine\windows\messages\WM_CaptureChanged.cpp">
      <Filter>source\Engine\Windows\Windows Messages</Filter>
    </ClCompile>
    <ClCompile Include="source\Engine\windows\messages\WM_CaptureChanged.ixx">
      <Filter>source\Engine\Windows\Windows Messages</Filter>
    </ClCompile>
    <ClCompile Include="source\Engine\windows\messages\WM_Close.cpp">
      <Filter>source\Engine\Windows\Windows Messages</Filter>
    </ClCompile>
    <ClCompile Include="source\Engine\windows\messages\WM_Close.ixx">
      <Filter>source\Engine\Windows\Windows Messages</Filter>
    </ClCompile>
    <ClCompile Include="source\Engine\windows\messages\WM_Destroy.cpp">
      <Filter>source\Engine\Windows\Windows Messages</Filter>
    </ClCompile>
    <ClCompile Include="source\Engine\windows\messages\WM_Destroy.ixx">
      <Filter>source\Engine\Windows\Windows Messages</Filter>
    </ClCompile>
    <ClCompile Include="source\Engine\windows\messages\WM_EnterSizeMove.cpp">
      <Filter>source\Engine\Windows\Windows Messages</Filter>
    </ClCompile>
    <ClCompile Include="source\Engine\windows\messages\WM_EnterSizeMove.ixx">
      <Filter>source\Engine\Windows\Windows Messages</Filter>
    </ClCompile>
    <ClCompile Include="source\Engine\windows\messages\WM_EraseBackground.cpp">
      <Filter>source\Engine\Windows\Windows Messages</Filter>
    </ClCompile>
    <ClCompile Include="source\Engine\windows\messages\WM_EraseBackground.ixx">
      <Filter>source\Engine\Windows\Windows Messages</Filter>
    </ClCompile>
    <ClCompile Include="source\Engine\windows\messages\WM_ExitSizeMove.cpp">
      <Filter>source\Engine\Windows\Windows Messages</Filter>
    </ClCompile>
    <ClCompile Include="source\Engine\windows\messages\WM_ExitSizeMove.ixx">
      <Filter>source\Engine\Windows\Windows Messages</Filter>
    </ClCompile>
    <ClCompile Include="source\Engine\windows\messages\WM_GetIcon.cpp">
      <Filter>source\Engine\Windows\Windows Messages</Filter>
    </ClCompile>
    <ClCompile Include="source\Engine\windows\messages\WM_GetIcon.ixx">
      <Filter>source\Engine\Windows\Windows Messages</Filter>
    </ClCompile>
    <ClCompile Include="source\Engine\windows\messages\WM_GetMinMaxInfo.cpp">
      <Filter>source\Engine\Windows\Windows Messages</Filter>
    </ClCompile>
    <ClCompile Include="source\Engine\windows\messages\WM_GetMinMaxInfo.ixx">
      <Filter>source\Engine\Windows\Windows Messages</Filter>
    </ClCompile>
    <ClCompile Include="source\Engine\windows\messages\WM_Input.cpp">
      <Filter>source\Engine\Windows\Windows Messages</Filter>
    </ClCompile>
    <ClCompile Include="source\Engine\windows\messages\WM_Input.ixx">
      <Filter>source\Engine\Windows\Windows Messages</Filter>
    </ClCompile>
    <ClCompile Include="source\Engine\windows\messages\WM_KeyUp.cpp">
      <Filter>source\Engine\Windows\Windows Messages</Filter>
    </ClCompile>
    <ClCompile Include="source\Engine\windows\messages\WM_KeyUp.ixx">
      <Filter>source\Engine\Windows\Windows Messages</Filter>
    </ClCompile>
    <ClCompile Include="source\Engine\windows\messages\WM_LeftMouseButtonDown.cpp">
      <Filter>source\Engine\Windows\Windows Messages</Filter>
    </ClCompile>
    <ClCompile Include="source\Engine\windows\messages\WM_LeftMouseButtonDown.ixx">
      <Filter>source\Engine\Windows\Windows Messages</Filter>
    </ClCompile>
    <ClCompile Include="source\Engine\windows\messages\WM_LeftMouseButtonUp.cpp">
      <Filter>source\Engine\Windows\Windows Messages</Filter>
    </ClCompile>
    <ClCompile Include="source\Engine\windows\messages\WM_LeftMouseButtonUp.ixx">
      <Filter>source\Engine\Windows\Windows Messages</Filter>
    </ClCompile>
    <ClCompile Include="source\Engine\windows\messages\WM_MenuChar.cpp">
      <Filter>source\Engine\Windows\Windows Messages</Filter>
    </ClCompile>
    <ClCompile Include="source\Engine\windows\messages\WM_MenuChar.ixx">
      <Filter>source\Engine\Windows\Windows Messages</Filter>
    </ClCompile>
    <ClCompile Include="source\Engine\windows\messages\WM_MiddleMouseButtonDown.cpp">
      <Filter>source\Engine\Windows\Windows Messages</Filter>
    </ClCompile>
    <ClCompile Include="source\Engine\windows\messages\WM_MiddleMouseButtonDown.ixx">
      <Filter>source\Engine\Windows\Windows Messages</Filter>
    </ClCompile>
    <ClCompile Include="source\Engine\windows\messages\WM_MiddleMouseButtonUp.cpp">
      <Filter>source\Engine\Windows\Windows Messages</Filter>
    </ClCompile>
    <ClCompile Include="source\Engine\windows\messages\WM_MiddleMouseButtonUp.ixx">
      <Filter>source\Engine\Windows\Windows Messages</Filter>
    </ClCompile>
    <ClCompile Include="source\Engine\windows\messages\WM_MouseMove.cpp">
      <Filter>source\Engine\Windows\Windows Messages</Filter>
    </ClCompile>
    <ClCompile Include="source\Engine\windows\messages\WM_MouseMove.ixx">
      <Filter>source\Engine\Windows\Windows Messages</Filter>
    </ClCompile>
    <ClCompile Include="source\Engine\windows\messages\WM_Move.cpp">
      <Filter>source\Engine\Windows\Windows Messages</Filter>
    </ClCompile>
    <ClCompile Include="source\Engine\windows\messages\WM_Move.ixx">
      <Filter>source\Engine\Windows\Windows Messages</Filter>
    </ClCompile>
    <ClCompile Include="source\Engine\windows\messages\WM_Moving.cpp">
      <Filter>source\Engine\Windows\Windows Messages</Filter>
    </ClCompile>
    <ClCompile Include="source\Engine\windows\messages\WM_Moving.ixx">
      <Filter>source\Engine\Windows\Windows Messages</Filter>
    </ClCompile>
    <ClCompile Include="source\Engine\windows\messages\WM_NonClientCalcSize.cpp">
      <Filter>source\Engine\Windows\Windows Messages</Filter>
    </ClCompile>
    <ClCompile Include="source\Engine\windows\messages\WM_NonClientCalcSize.ixx">
      <Filter>source\Engine\Windows\Windows Messages</Filter>
    </ClCompile>
    <ClCompile Include="source\Engine\windows\messages\WM_NonClientMouseLeave.cpp">
      <Filter>source\Engine\Windows\Windows Messages</Filter>
    </ClCompile>
    <ClCompile Include="source\Engine\windows\messages\WM_NonClientMouseLeave.ixx">
      <Filter>source\Engine\Windows\Windows Messages</Filter>
    </ClCompile>
    <ClCompile Include="source\Engine\windows\messages\WM_NonClientPaint.cpp">
      <Filter>source\Engine\Windows\Windows Messages</Filter>
    </ClCompile>
    <ClCompile Include="source\Engine\windows\messages\WM_NonClientPaint.ixx">
      <Filter>source\Engine\Windows\Windows Messages</Filter>
    </ClCompile>
    <ClCompile Include="source\Engine\windows\messages\WM_Paint.cpp">
      <Filter>source\Engine\Windows\Windows Messages</Filter>
    </ClCompile>
    <ClCompile Include="source\Engine\windows\messages\WM_Paint.ixx">
      <Filter>source\Engine\Windows\Windows Messages</Filter>
    </ClCompile>
    <ClCompile Include="source\Engine\windows\messages\WM_Quit.cpp">
      <Filter>source\Engine\Windows\Windows Messages</Filter>
    </ClCompile>
    <ClCompile Include="source\Engine\windows\messages\WM_Quit.ixx">
      <Filter>source\Engine\Windows\Windows Messages</Filter>
    </ClCompile>
    <ClCompile Include="source\Engine\windows\messages\WM_RightMouseButtonDown.cpp">
      <Filter>source\Engine\Windows\Windows Messages</Filter>
    </ClCompile>
    <ClCompile Include="source\Engine\windows\messages\WM_RightMouseButtonDown.ixx">
      <Filter>source\Engine\Windows\Windows Messages</Filter>
    </ClCompile>
    <ClCompile Include="source\Engine\windows\messages\WM_RightMouseButtonUp.cpp">
      <Filter>source\Engine\Windows\Windows Messages</Filter>
    </ClCompile>
    <ClCompile Include="source\Engine\windows\messages\WM_RightMouseButtonUp.ixx">
      <Filter>source\Engine\Windows\Windows Messages</Filter>
    </ClCompile>
    <ClCompile Include="source\Engine\windows\messages\WM_SetText.cpp">
      <Filter>source\Engine\Windows\Windows Messages</Filter>
    </ClCompile>
    <ClCompile Include="source\Engine\windows\messages\WM_SetText.ixx">
      <Filter>source\Engine\Windows\Windows Messages</Filter>
    </ClCompile>
    <ClCompile Include="source\Engine\windows\messages\WM_Size.cpp">
      <Filter>source\Engine\Windows\Windows Messages</Filter>
    </ClCompile>
    <ClCompile Include="source\Engine\windows\messages\WM_Size.ixx">
      <Filter>source\Engine\Windows\Windows Messages</Filter>
    </ClCompile>
    <ClCompile Include="source\Engine\windows\messages\WM_Sizing.cpp">
      <Filter>source\Engine\Windows\Windows Messages</Filter>
    </ClCompile>
    <ClCompile Include="source\Engine\windows\messages\WM_Sizing.ixx">
      <Filter>source\Engine\Windows\Windows Messages</Filter>
    </ClCompile>
    <ClCompile Include="source\Engine\windows\messages\WM_Timer.cpp">
      <Filter>source\Engine\Windows\Windows Messages</Filter>
    </ClCompile>
    <ClCompile Include="source\Engine\windows\messages\WM_Timer.ixx">
      <Filter>source\Engine\Windows\Windows Messages</Filter>
    </ClCompile>
    <ClCompile Include="source\Engine\windows\messages\WM_WindowPositionChanging.cpp">
      <Filter>source\Engine\Windows\Windows Messages</Filter>
    </ClCompile>
    <ClCompile Include="source\Engine\windows\messages\WM_WindowPositionChanging.ixx">
      <Filter>source\Engine\Windows\Windows Messages</Filter>
    </ClCompile>
    <ClCompile Include="source\Engine\windows\WindowsMessage.ixx">
      <Filter>source\Engine\Windows</Filter>
    </ClCompile>
    <ClCompile Include="source\Engine\windows\WindowsMessageManager.cpp">
      <Filter>source\Engine\Windows</Filter>
    </ClCompile>
    <ClCompile Include="source\Engine\windows\WindowsMessageManager.ixx">
      <Filter>source\Engine\Windows</Filter>
    </ClCompile>
    <ClCompile Include="source\Engine\Engine.cpp">
      <Filter>source\Engine</Filter>
    </ClCompile>
    <ClCompile Include="source\Engine\Engine.ixx">
      <Filter>source\Engine</Filter>
    </ClCompile>
    <ClCompile Include="source\Engine\MathHelper.ixx">
      <Filter>source\Engine</Filter>
    </ClCompile>
    <ClCompile Include="source\Engine\ObjectPool.ixx">
      <Filter>source\Engine</Filter>
    </ClCompile>
    <ClCompile Include="source\Engine\Status.ixx">
      <Filter>source\Engine</Filter>
    </ClCompile>
    <ClCompile Include="source\Engine\time\TimeManager.cpp">
      <Filter>source\Engine\Time</Filter>
    </ClCompile>
    <ClCompile Include="source\Engine\input\MouseInputMessage.ixx">
      <Filter>source\Engine\Input</Filter>
    </ClCompile>
    <ClCompile Include="source\Engine\input\KeyboardInputMessage.ixx">
      <Filter>source\Engine\Input</Filter>
    </ClCompile>
    <ClCompile Include="source\Engine\input\KeyboardKeys.ixx">
      <Filter>source\Engine\Input</Filter>
    </ClCompile>
    <ClCompile Include="source\Engine\windows\WindowManager.ixx">
      <Filter>source\Engine\Windows</Filter>
    </ClCompile>
    <ClCompile Include="source\Engine\windows\WindowManager.cpp">
      <Filter>source\Engine\Windows</Filter>
    </ClCompile>
    <ClCompile Include="source\Engine\time\StopWatch.ixx">
      <Filter>source\Engine\Time</Filter>
    </ClCompile>
    <ClCompile Include="source\Engine\windows\messages\WM_KeyDown.cpp">
      <Filter>source\Engine\Windows\Windows Messages</Filter>
    </ClCompile>
    <ClCompile Include="source\Engine\windows\messages\WM_KeyDown.ixx">
      <Filter>source\Engine\Windows\Windows Messages</Filter>
    </ClCompile>
    <ClCompile Include="source\Engine\windows\messages\WM_SystemKeyDown.ixx" />
    <ClCompile Include="source\Engine\windows\messages\WM_SystemKeyDown.cpp" />
    <ClCompile Include="source\Engine\windows\messages\WM_SystemKeyUp.ixx" />
    <ClCompile Include="source\Engine\windows\messages\WM_SystemKeyUp.cpp" />
    <ClCompile Include="source\Engine\windows\messages\WM_SystemCommand.ixx" />
    <ClCompile Include="source\Engine\windows\messages\WM_SystemCommand.cpp" />
  </ItemGroup>
  <ItemGroup>
    <Filter Include="source">
      <UniqueIdentifier>{343d9304-120a-4026-b444-fc9f71cd5e9c}</UniqueIdentifier>
    </Filter>
    <Filter Include="source\Game">
      <UniqueIdentifier>{b7184a67-1982-47de-b473-ec14e1724b8b}</UniqueIdentifier>
    </Filter>
    <Filter Include="source\Engine">
      <UniqueIdentifier>{4d8f0d8a-7f00-4330-91bc-c723ac7cd638}</UniqueIdentifier>
    </Filter>
    <Filter Include="source\Engine\Logging">
      <UniqueIdentifier>{77435784-2c9b-4df6-824e-8288c43b4229}</UniqueIdentifier>
    </Filter>
    <Filter Include="source\Engine\Command">
      <UniqueIdentifier>{9fc5957f-6c0f-4ac4-a237-2545246a2517}</UniqueIdentifier>
    </Filter>
    <Filter Include="source\Engine\Input">
      <UniqueIdentifier>{5c310ff0-c68c-41c2-a0a2-379734421d92}</UniqueIdentifier>
    </Filter>
    <Filter Include="source\Engine\Renderer">
      <UniqueIdentifier>{f54f0d11-2386-44bd-94ab-887311330b13}</UniqueIdentifier>
    </Filter>
    <Filter Include="source\Engine\Time">
      <UniqueIdentifier>{9ff2f1e1-89b8-4429-8a27-54cc6ef60ec6}</UniqueIdentifier>
    </Filter>
    <Filter Include="source\Engine\Windows">
      <UniqueIdentifier>{a1d5b3d1-8b46-4703-8a00-7f4ef09ba5f9}</UniqueIdentifier>
    </Filter>
    <Filter Include="source\Engine\Windows\Windows Messages">
      <UniqueIdentifier>{246847f4-0f62-44ef-9958-28f46aedf859}</UniqueIdentifier>
    </Filter>
  </ItemGroup>
  <ItemGroup>
    <ClInclude Include="source\Engine\renderer\d3dx12.h">
      <Filter>source\Engine\Renderer</Filter>
    </ClInclude>
  </ItemGroup>
  <ItemGroup>
    <None Include="..\.gitignore" />
    <None Include="..\README.md" />
    <None Include="source\Engine\input\README.md" />
  </ItemGroup>
</Project>